
Microsoft Visual Studio Solution File, Format Version 12.00
# Visual Studio 2013
VisualStudioVersion = 12.0.31101.0
MinimumVisualStudioVersion = 10.0.40219.1
Project("{FAE04EC0-301F-11D3-BF4B-00C04F79EFBC}") = "FullContactPersonDemo", "FullContactPersonDemo\FullContactPersonDemo.csproj", "{2A266601-5EF2-4221-BEF7-DFC6448D7A52}"
EndProject
Project("{FAE04EC0-301F-11D3-BF4B-00C04F79EFBC}") = "FullContactApi", "FullContactApi\FullContactApi.csproj", "{E9D771AF-A72A-4B48-8BBC-534FFCC0B732}"
EndProject
Global
	GlobalSection(SolutionConfigurationPlatforms) = preSolution
		Debug|Any CPU = Debug|Any CPU
		Release|Any CPU = Release|Any CPU
	EndGlobalSection
	GlobalSection(ProjectConfigurationPlatforms) = postSolution
		{2A266601-5EF2-4221-BEF7-DFC6448D7A52}.Debug|Any CPU.ActiveCfg = Debug|Any CPU
		{2A266601-5EF2-4221-BEF7-DFC6448D7A52}.Debug|Any CPU.Build.0 = Debug|Any CPU
		{2A266601-5EF2-4221-BEF7-DFC6448D7A52}.Release|Any CPU.ActiveCfg = Release|Any CPU
		{2A266601-5EF2-4221-BEF7-DFC6448D7A52}.Release|Any CPU.Build.0 = Release|Any CPU
		{E9D771AF-A72A-4B48-8BBC-534FFCC0B732}.Debug|Any CPU.ActiveCfg = Debug|Any CPU
		{E9D771AF-A72A-4B48-8BBC-534FFCC0B732}.Debug|Any CPU.Build.0 = Debug|Any CPU
		{E9D771AF-A72A-4B48-8BBC-534FFCC0B732}.Release|Any CPU.ActiveCfg = Release|Any CPU
		{E9D771AF-A72A-4B48-8BBC-534FFCC0B732}.Release|Any CPU.Build.0 = Release|Any CPU
	EndGlobalSection
	GlobalSection(SolutionProperties) = preSolution
		HideSolutionNode = FALSE
	EndGlobalSection
EndGlobal
